<?xml version="1.0" encoding="utf-8"?>
<Project ToolsVersion="4.0" xmlns="http://schemas.microsoft.com/developer/msbuild/2003">
  <ItemGroup>
    <Filter Include="API">
      <UniqueIdentifier>{4FC737F1-C7A5-4376-A066-2A32D752A2FF}</UniqueIdentifier>
      <Extensions>cpp;c;cc;cxx;def;odl;idl;hpj;bat;asm;asmx</Extensions>
    </Filter>
    <Filter Include="API\Reflection">
      <UniqueIdentifier>{a441855c-c426-42c7-8f1b-f0edf0d49388}</UniqueIdentifier>
    </Filter>
    <Filter Include="API\Core">
      <UniqueIdentifier>{63efe659-7dd3-4612-88a7-3b6e8a6dc539}</UniqueIdentifier>
    </Filter>
    <Filter Include="API\Memory">
      <UniqueIdentifier>{583ca467-fc4a-4fe2-a67e-09a240091856}</UniqueIdentifier>
    </Filter>
    <Filter Include="API\Utilities">
      <UniqueIdentifier>{ac858af0-f401-4207-a15c-aed3a8926195}</UniqueIdentifier>
    </Filter>
    <Filter Include="API\Math">
      <UniqueIdentifier>{5545e9d7-d547-4c12-9229-7ff05bd81444}</UniqueIdentifier>
    </Filter>
    <Filter Include="API\Application">
      <UniqueIdentifier>{ce6bf96e-a1e5-413a-8efd-bbcb439e0e17}</UniqueIdentifier>
    </Filter>
    <Filter Include="API\Window">
      <UniqueIdentifier>{0036d576-28b8-4894-a6b2-06fdf51cc1ee}</UniqueIdentifier>
    </Filter>
    <Filter Include="API\Graphics">
      <UniqueIdentifier>{6e8493f5-506f-4f89-a790-c33bee001832}</UniqueIdentifier>
    </Filter>
    <Filter Include="API\Resource">
      <UniqueIdentifier>{e702eb6d-ea5d-4f2c-a8b2-cd86f47cc607}</UniqueIdentifier>
    </Filter>
    <Filter Include="API\Entity Component">
      <UniqueIdentifier>{6bfef947-f742-4ccc-a0a6-c0f5417559f6}</UniqueIdentifier>
    </Filter>
    <Filter Include="API\Entity Component\Errors">
      <UniqueIdentifier>{5a3faba2-520f-4781-bdf9-ff1c0e4ea60c}</UniqueIdentifier>
    </Filter>
  </ItemGroup>
  <ItemGroup>
    <ClInclude Include="..\..\..\Common\Core\Debug.h">
      <Filter>API\Core</Filter>
    </ClInclude>
    <ClInclude Include="..\..\..\Common\Core\Time.h">
      <Filter>API\Core</Filter>
    </ClInclude>
    <ClInclude Include="..\..\..\Common\Core\GemAPI.h">
      <Filter>API\Core</Filter>
    </ClInclude>
    <ClInclude Include="..\..\..\Common\Core\Error.h">
      <Filter>API\Core</Filter>
    </ClInclude>
    <ClInclude Include="..\..\..\Common\Core\Trace.h">
      <Filter>API\Core</Filter>
    </ClInclude>
    <ClInclude Include="..\..\..\Common\Core\ArgumentNull.h">
      <Filter>API\Core</Filter>
    </ClInclude>
    <ClInclude Include="..\..\..\Common\Core\InvalidArgument.h">
      <Filter>API\Core</Filter>
    </ClInclude>
    <ClInclude Include="..\..\..\Common\Engine.h">
      <Filter>API</Filter>
    </ClInclude>
    <ClInclude Include="..\..\..\Common\Reflection\Attribute.h">
      <Filter>API\Reflection</Filter>
    </ClInclude>
    <ClInclude Include="..\..\..\Common\Reflection\AttributeBinder.h">
      <Filter>API\Reflection</Filter>
    </ClInclude>
    <ClInclude Include="..\..\..\Common\Reflection\BoolAttribute.h">
      <Filter>API\Reflection</Filter>
    </ClInclude>
    <ClInclude Include="..\..\..\Common\Reflection\FloatAttribute.h">
      <Filter>API\Reflection</Filter>
    </ClInclude>
    <ClInclude Include="..\..\..\Common\Reflection\FunctionAttribute.h">
      <Filter>API\Reflection</Filter>
    </ClInclude>
    <ClInclude Include="..\..\..\Common\Reflection\IntAttribute.h">
      <Filter>API\Reflection</Filter>
    </ClInclude>
    <ClInclude Include="..\..\..\Common\Reflection\MemberAttribute.h">
      <Filter>API\Reflection</Filter>
    </ClInclude>
    <ClInclude Include="..\..\..\Common\Reflection\MemberInfo.h">
      <Filter>API\Reflection</Filter>
    </ClInclude>
    <ClInclude Include="..\..\..\Common\Reflection\MetaObject.h">
      <Filter>API\Reflection</Filter>
    </ClInclude>
    <ClInclude Include="..\..\..\Common\Reflection\MetaObjectLinker.h">
      <Filter>API\Reflection</Filter>
    </ClInclude>
    <ClInclude Include="..\..\..\Common\Reflection\MethodInfo.h">
      <Filter>API\Reflection</Filter>
    </ClInclude>
    <ClInclude Include="..\..\..\Common\Reflection\Reflection.h">
      <Filter>API\Reflection</Filter>
    </ClInclude>
    <ClInclude Include="..\..\..\Common\Reflection\Runtime.h">
      <Filter>API\Reflection</Filter>
    </ClInclude>
    <ClInclude Include="..\..\..\Common\Reflection\StringAttribute.h">
      <Filter>API\Reflection</Filter>
    </ClInclude>
    <ClInclude Include="..\..\..\Common\Reflection\TypeTrait.h">
      <Filter>API\Reflection</Filter>
    </ClInclude>
    <ClInclude Include="..\..\..\Common\Core\BasicTypes.h">
      <Filter>API\Core</Filter>
    </ClInclude>
    <ClInclude Include="..\..\..\Common\Core\Enum.h">
      <Filter>API\Core</Filter>
    </ClInclude>
    <ClInclude Include="..\..\..\Common\Core\Type.h">
      <Filter>API\Core</Filter>
    </ClInclude>
    <ClInclude Include="..\..\..\Common\Core\ValueTypes.h">
      <Filter>API\Core</Filter>
    </ClInclude>
    <ClInclude Include="..\..\..\Common\Utilities\Array.h">
      <Filter>API\Utilities</Filter>
    </ClInclude>
    <ClInclude Include="..\..\..\Common\Memory\AllocationInfo.h">
      <Filter>API\Memory</Filter>
    </ClInclude>
    <ClInclude Include="..\..\..\Common\Memory\Allocator.h">
      <Filter>API\Memory</Filter>
    </ClInclude>
    <ClInclude Include="..\..\..\Common\Memory\AllocatorType.h">
      <Filter>API\Memory</Filter>
    </ClInclude>
    <ClInclude Include="..\..\..\Common\Memory\FrameAllocator.h">
      <Filter>API\Memory</Filter>
    </ClInclude>
    <ClInclude Include="..\..\..\Common\Memory\Memory.h">
      <Filter>API\Memory</Filter>
    </ClInclude>
    <ClInclude Include="..\..\..\Common\Memory\MemoryConfig.h">
      <Filter>API\Memory</Filter>
    </ClInclude>
    <ClInclude Include="..\..\..\Common\Memory\MemoryFlags.h">
      <Filter>API\Memory</Filter>
    </ClInclude>
    <ClInclude Include="..\..\..\Common\Memory\MemoryHeader.h">
      <Filter>API\Memory</Filter>
    </ClInclude>
    <ClInclude Include="..\..\..\Common\Memory\MemoryInfo.h">
      <Filter>API\Memory</Filter>
    </ClInclude>
    <ClInclude Include="..\..\..\Common\Memory\MemoryManager.h">
      <Filter>API\Memory</Filter>
    </ClInclude>
    <ClInclude Include="..\..\..\Common\Memory\MemoryUtils.h">
      <Filter>API\Memory</Filter>
    </ClInclude>
    <ClInclude Include="..\..\..\Common\Memory\Pointer.h">
      <Filter>API\Memory</Filter>
    </ClInclude>
    <ClInclude Include="..\..\..\Common\Memory\PoolAllocator.h">
      <Filter>API\Memory</Filter>
    </ClInclude>
    <ClInclude Include="..\..\..\Common\Memory\StackAllocator.h">
      <Filter>API\Memory</Filter>
    </ClInclude>
    <ClInclude Include="..\..\..\Common\Core\Func.h">
      <Filter>API\Core</Filter>
    </ClInclude>
    <ClInclude Include="..\..\..\Common\Core\Method.h">
      <Filter>API\Core</Filter>
    </ClInclude>
    <ClInclude Include="..\..\..\Common\Memory\Instantiator.h">
      <Filter>API\Memory</Filter>
    </ClInclude>
    <ClInclude Include="..\..\..\Common\Math\Math.h">
      <Filter>API\Math</Filter>
    </ClInclude>
    <ClInclude Include="..\..\..\Common\Math\Matrix4x4.h">
      <Filter>API\Math</Filter>
    </ClInclude>
    <ClInclude Include="..\..\..\Common\Math\Quaternion.h">
      <Filter>API\Math</Filter>
    </ClInclude>
    <ClInclude Include="..\..\..\Common\Math\Vector2.h">
      <Filter>API\Math</Filter>
    </ClInclude>
    <ClInclude Include="..\..\..\Common\Math\Vector3.h">
      <Filter>API\Math</Filter>
    </ClInclude>
    <ClInclude Include="..\..\..\Common\Math\Vector4.h">
      <Filter>API\Math</Filter>
    </ClInclude>
    <ClInclude Include="..\..\..\Common\Utilities\StringExtensions.h">
      <Filter>API\Utilities</Filter>
    </ClInclude>
    <ClInclude Include="..\..\..\Common\Math\MathTypes.h">
      <Filter>API\Math</Filter>
    </ClInclude>
    <ClInclude Include="..\..\..\Common\Core\Singleton.h">
      <Filter>API\Core</Filter>
    </ClInclude>
    <ClInclude Include="..\..\..\Common\Application\ApplicationType.h">
      <Filter>API\Application</Filter>
    </ClInclude>
    <ClInclude Include="..\..\..\Common\Application\Application.h">
      <Filter>API\Application</Filter>
    </ClInclude>
    <ClInclude Include="..\..\..\Common\Core\Event.h">
      <Filter>API\Core</Filter>
    </ClInclude>
    <ClInclude Include="..\..\..\Common\Application\ApplicationEventType.h">
      <Filter>API\Application</Filter>
    </ClInclude>
    <ClInclude Include="..\..\..\Common\Window\Win32Window.h">
      <Filter>API\Window</Filter>
    </ClInclude>
    <ClInclude Include="..\..\..\Common\Core\ErrorConstants.h">
      <Filter>API\Core</Filter>
    </ClInclude>
    <ClInclude Include="..\..\..\Common\Utilities\BinaryFormatter.h">
      <Filter>API\Utilities</Filter>
    </ClInclude>
    <ClInclude Include="..\..\..\Common\Utilities\Directory.h">
      <Filter>API\Utilities</Filter>
    </ClInclude>
    <ClInclude Include="..\..\..\Common\Utilities\Guid.h">
      <Filter>API\Utilities</Filter>
    </ClInclude>
    <ClInclude Include="..\..\..\Common\Utilities\IFormatter.h">
      <Filter>API\Utilities</Filter>
    </ClInclude>
    <ClInclude Include="..\..\..\Common\Utilities\IniFileStream.h">
      <Filter>API\Utilities</Filter>
    </ClInclude>
    <ClInclude Include="..\..\..\Common\Utilities\IniSection.h">
      <Filter>API\Utilities</Filter>
    </ClInclude>
    <ClInclude Include="..\..\..\Common\Utilities\IniVariables.h">
      <Filter>API\Utilities</Filter>
    </ClInclude>
    <ClInclude Include="..\..\..\Common\Utilities\IniVector3.h">
      <Filter>API\Utilities</Filter>
    </ClInclude>
    <ClInclude Include="..\..\..\Common\Utilities\IniVector4.h">
      <Filter>API\Utilities</Filter>
    </ClInclude>
    <ClInclude Include="..\..\..\Common\Utilities\ISerializeable.h">
      <Filter>API\Utilities</Filter>
    </ClInclude>
    <ClInclude Include="..\..\..\Common\Utilities\Stream.h">
      <Filter>API\Utilities</Filter>
    </ClInclude>
    <ClInclude Include="..\..\..\Common\Utilities\Utilities.h">
      <Filter>API\Utilities</Filter>
    </ClInclude>
    <ClInclude Include="..\..\..\Common\Graphics\Color.h">
      <Filter>API\Graphics</Filter>
    </ClInclude>
    <ClInclude Include="..\..\..\Common\Graphics\DrawCall.h">
      <Filter>API\Graphics</Filter>
    </ClInclude>
    <ClInclude Include="..\..\..\Common\Graphics\Geometry.h">
      <Filter>API\Graphics</Filter>
    </ClInclude>
    <ClInclude Include="..\..\..\Common\Graphics\GraphicEnums.h">
      <Filter>API\Graphics</Filter>
    </ClInclude>
    <ClInclude Include="..\..\..\Common\Graphics\Graphics.h">
      <Filter>API\Graphics</Filter>
    </ClInclude>
    <ClInclude Include="..\..\..\Common\Graphics\ImageTexture.h">
      <Filter>API\Graphics</Filter>
    </ClInclude>
    <ClInclude Include="..\..\..\Common\Graphics\Material.h">
      <Filter>API\Graphics</Filter>
    </ClInclude>
    <ClInclude Include="..\..\..\Common\Graphics\Mesh.h">
      <Filter>API\Graphics</Filter>
    </ClInclude>
    <ClInclude Include="..\..\..\Common\Graphics\PrimitiveShapeBuffer.h">
      <Filter>API\Graphics</Filter>
    </ClInclude>
    <ClInclude Include="..\..\..\Common\Graphics\RenderTexture.h">
      <Filter>API\Graphics</Filter>
    </ClInclude>
    <ClInclude Include="..\..\..\Common\Graphics\Shader.h">
      <Filter>API\Graphics</Filter>
    </ClInclude>
    <ClInclude Include="..\..\..\Common\Graphics\Texture.h">
      <Filter>API\Graphics</Filter>
    </ClInclude>
    <ClInclude Include="..\..\..\Common\Resource\Resource.h">
      <Filter>API\Resource</Filter>
    </ClInclude>
    <ClInclude Include="..\..\..\Common\Resource\ResourceDatabase.h">
      <Filter>API\Resource</Filter>
    </ClInclude>
    <ClInclude Include="..\..\..\Common\Window\Window.h">
      <Filter>API\Window</Filter>
    </ClInclude>
    <ClInclude Include="..\..\..\Common\EntityComponent\Bounds.h">
      <Filter>API\Entity Component</Filter>
    </ClInclude>
    <ClInclude Include="..\..\..\Common\EntityComponent\Camera.h">
      <Filter>API\Entity Component</Filter>
    </ClInclude>
    <ClInclude Include="..\..\..\Common\EntityComponent\Component.h">
      <Filter>API\Entity Component</Filter>
    </ClInclude>
    <ClInclude Include="..\..\..\Common\EntityComponent\EntityComponent.h">
      <Filter>API\Entity Component</Filter>
    </ClInclude>
    <ClInclude Include="..\..\..\Common\EntityComponent\GameObject.h">
      <Filter>API\Entity Component</Filter>
    </ClInclude>
    <ClInclude Include="..\..\..\Common\EntityComponent\GameObjectTree.h">
      <Filter>API\Entity Component</Filter>
    </ClInclude>
    <ClInclude Include="..\..\..\Common\EntityComponent\Renderer.h">
      <Filter>API\Entity Component</Filter>
    </ClInclude>
    <ClInclude Include="..\..\..\Common\EntityComponent\Scene.h">
      <Filter>API\Entity Component</Filter>
    </ClInclude>
    <ClInclude Include="..\..\..\Common\EntityComponent\TestComponent.h">
      <Filter>API\Entity Component</Filter>
    </ClInclude>
    <ClInclude Include="..\..\..\Common\Utilities\Thread.h">
      <Filter>API\Utilities</Filter>
    </ClInclude>
    <ClInclude Include="..\..\..\Common\Window\Win32Message.h">
      <Filter>API\Window</Filter>
    </ClInclude>
    <ClInclude Include="..\..\..\Common\EntityComponent\SceneFileInstruction.h">
      <Filter>API\Entity Component</Filter>
    </ClInclude>
    <ClInclude Include="..\..\..\Common\Application\BaseAppHandler.h">
      <Filter>API\Application</Filter>
    </ClInclude>
    <ClInclude Include="..\..\..\Common\EntityComponent\InstructionTokenID.h">
      <Filter>API\Entity Component</Filter>
    </ClInclude>
    <ClInclude Include="..\..\..\Common\EntityComponent\InstructionData.h">
      <Filter>API\Entity Component</Filter>
    </ClInclude>
    <ClInclude Include="..\..\..\Common\EntityComponent\IComplexTerm.h">
      <Filter>API\Entity Component</Filter>
    </ClInclude>
    <ClInclude Include="..\..\..\Common\Reflection\Member.h">
      <Filter>API\Reflection</Filter>
    </ClInclude>
    <ClInclude Include="..\..\..\Common\Reflection\MemberFlags.h">
      <Filter>API\Reflection</Filter>
    </ClInclude>
    <ClInclude Include="..\..\..\Common\EntityComponent\InstructionTerm.h">
      <Filter>API\Entity Component</Filter>
    </ClInclude>
    <ClInclude Include="..\..\..\Common\EntityComponent\SceneGraph.h">
      <Filter>API\Entity Component</Filter>
    </ClInclude>
    <ClInclude Include="..\..\..\Common\EntityComponent\InitializationStep.h">
      <Filter>API\Entity Component</Filter>
    </ClInclude>
    <ClInclude Include="..\..\..\Common\Application\KeyCode.h">
      <Filter>API\Application</Filter>
    </ClInclude>
    <ClInclude Include="..\..\..\Common\Application\Input.h">
      <Filter>API\Application</Filter>
    </ClInclude>
    <ClInclude Include="..\..\..\Common\Application\MouseButton.h">
      <Filter>API\Application</Filter>
    </ClInclude>
    <ClInclude Include="..\..\..\Common\Application\InputState.h">
      <Filter>API\Application</Filter>
    </ClInclude>
    <ClInclude Include="..\..\..\Common\Application\InputAxis.h">
      <Filter>API\Application</Filter>
    </ClInclude>
    <ClInclude Include="..\..\..\Common\Application\InputButton.h">
      <Filter>API\Application</Filter>
    </ClInclude>
    <ClInclude Include="..\..\..\Common\Application\InputDevice.h">
      <Filter>API\Application</Filter>
    </ClInclude>
    <ClInclude Include="..\..\..\Common\Application\InputDeviceType.h">
      <Filter>API\Application</Filter>
    </ClInclude>
    <ClInclude Include="..\..\..\Common\EntityComponent\GameObjectMap.h">
      <Filter>API\Entity Component</Filter>
    </ClInclude>
    <ClInclude Include="..\..\..\Common\EntityComponent\SceneFile.h">
      <Filter>API\Entity Component</Filter>
    </ClInclude>
    <ClInclude Include="..\..\..\Common\EntityComponent\Errors\SceneGraphNotInitialized.h">
      <Filter>API\Entity Component\Errors</Filter>
    </ClInclude>
    <ClInclude Include="..\..\..\Common\EntityComponent\Errors\EntityComponentErrors.h">
      <Filter>API\Entity Component\Errors</Filter>
    </ClInclude>
    <ClInclude Include="..\..\..\Common\EntityComponent\EntityComponentSerialization.h">
      <Filter>API\Entity Component</Filter>
    </ClInclude>
    <ClInclude Include="..\..\..\Common\Utilities\CFileExtensions.h">
      <Filter>API\Utilities</Filter>
    </ClInclude>
  </ItemGroup>
  <ItemGroup>
    <ClCompile Include="..\..\..\Common\Core\Debug.cpp">
      <Filter>API\Core</Filter>
    </ClCompile>
    <ClCompile Include="..\..\..\Common\Core\Time.cpp">
      <Filter>API\Core</Filter>
    </ClCompile>
    <ClCompile Include="..\..\..\Common\Reflection\MemberInfo.cpp">
      <Filter>API\Reflection</Filter>
    </ClCompile>
    <ClCompile Include="..\..\..\Common\Reflection\MetaObjectLinker.cpp">
      <Filter>API\Reflection</Filter>
    </ClCompile>
    <ClCompile Include="..\..\..\Common\Reflection\Runtime.cpp">
      <Filter>API\Reflection</Filter>
    </ClCompile>
    <ClCompile Include="..\..\..\Common\Core\BasicTypes.cpp">
      <Filter>API\Core</Filter>
    </ClCompile>
    <ClCompile Include="..\..\..\Common\Core\Enum.cpp">
      <Filter>API\Core</Filter>
    </ClCompile>
    <ClCompile Include="..\..\..\Common\Core\Type.cpp">
      <Filter>API\Core</Filter>
    </ClCompile>
    <ClCompile Include="..\..\..\Common\Memory\Allocator.cpp">
      <Filter>API\Memory</Filter>
    </ClCompile>
    <ClCompile Include="..\..\..\Common\Memory\FrameAllocator.cpp">
      <Filter>API\Memory</Filter>
    </ClCompile>
    <ClCompile Include="..\..\..\Common\Memory\MemoryHeader.cpp">
      <Filter>API\Memory</Filter>
    </ClCompile>
    <ClCompile Include="..\..\..\Common\Memory\MemoryManager.cpp">
      <Filter>API\Memory</Filter>
    </ClCompile>
    <ClCompile Include="..\..\..\Common\Memory\PoolAllocator.cpp">
      <Filter>API\Memory</Filter>
    </ClCompile>
    <ClCompile Include="..\..\..\Common\Memory\StackAllocator.cpp">
      <Filter>API\Memory</Filter>
    </ClCompile>
    <ClCompile Include="..\..\..\Common\Math\Matrix4x4.cpp">
      <Filter>API\Math</Filter>
    </ClCompile>
    <ClCompile Include="..\..\..\Common\Math\Quaternion.cpp">
      <Filter>API\Math</Filter>
    </ClCompile>
    <ClCompile Include="..\..\..\Common\Math\Vector2.cpp">
      <Filter>API\Math</Filter>
    </ClCompile>
    <ClCompile Include="..\..\..\Common\Math\Vector3.cpp">
      <Filter>API\Math</Filter>
    </ClCompile>
    <ClCompile Include="..\..\..\Common\Math\Vector4.cpp">
      <Filter>API\Math</Filter>
    </ClCompile>
    <ClCompile Include="..\..\..\Common\Utilities\StringExtensions.cpp">
      <Filter>API\Utilities</Filter>
    </ClCompile>
    <ClCompile Include="..\..\..\Common\Application\Application.cpp">
      <Filter>API\Application</Filter>
    </ClCompile>
    <ClCompile Include="..\..\..\Common\Application\ApplicationType.cpp">
      <Filter>API\Application</Filter>
    </ClCompile>
    <ClCompile Include="..\..\..\Common\Application\ApplicationEventType.cpp">
      <Filter>API\Application</Filter>
    </ClCompile>
    <ClCompile Include="..\..\..\Common\Window\Win32Window.cpp">
      <Filter>API\Window</Filter>
    </ClCompile>
    <ClCompile Include="..\..\..\Common\Utilities\BinaryFormatter.cpp">
      <Filter>API\Utilities</Filter>
    </ClCompile>
    <ClCompile Include="..\..\..\Common\Utilities\Directory.cpp">
      <Filter>API\Utilities</Filter>
    </ClCompile>
    <ClCompile Include="..\..\..\Common\Utilities\Guid.cpp">
      <Filter>API\Utilities</Filter>
    </ClCompile>
    <ClCompile Include="..\..\..\Common\Utilities\IFormatter.cpp">
      <Filter>API\Utilities</Filter>
    </ClCompile>
    <ClCompile Include="..\..\..\Common\Utilities\IniFileStream.cpp">
      <Filter>API\Utilities</Filter>
    </ClCompile>
    <ClCompile Include="..\..\..\Common\Utilities\IniSection.cpp">
      <Filter>API\Utilities</Filter>
    </ClCompile>
    <ClCompile Include="..\..\..\Common\Utilities\ISerializeable.cpp">
      <Filter>API\Utilities</Filter>
    </ClCompile>
    <ClCompile Include="..\..\..\Common\Utilities\Stream.cpp">
      <Filter>API\Utilities</Filter>
    </ClCompile>
    <ClCompile Include="..\..\..\Common\Utilities\Utilities.cpp">
      <Filter>API\Utilities</Filter>
    </ClCompile>
    <ClCompile Include="..\..\..\Common\Graphics\Color.cpp">
      <Filter>API\Graphics</Filter>
    </ClCompile>
    <ClCompile Include="..\..\..\Common\Graphics\DrawCall.cpp">
      <Filter>API\Graphics</Filter>
    </ClCompile>
    <ClCompile Include="..\..\..\Common\Graphics\Geometry.cpp">
      <Filter>API\Graphics</Filter>
    </ClCompile>
    <ClCompile Include="..\..\..\Common\Graphics\Graphics.cpp">
      <Filter>API\Graphics</Filter>
    </ClCompile>
    <ClCompile Include="..\..\..\Common\Graphics\ImageTexture.cpp">
      <Filter>API\Graphics</Filter>
    </ClCompile>
    <ClCompile Include="..\..\..\Common\Graphics\Material.cpp">
      <Filter>API\Graphics</Filter>
    </ClCompile>
    <ClCompile Include="..\..\..\Common\Graphics\Mesh.cpp">
      <Filter>API\Graphics</Filter>
    </ClCompile>
    <ClCompile Include="..\..\..\Common\Graphics\PrimitiveShapeBuffer.cpp">
      <Filter>API\Graphics</Filter>
    </ClCompile>
    <ClCompile Include="..\..\..\Common\Graphics\RenderTexture.cpp">
      <Filter>API\Graphics</Filter>
    </ClCompile>
    <ClCompile Include="..\..\..\Common\Graphics\Shader.cpp">
      <Filter>API\Graphics</Filter>
    </ClCompile>
    <ClCompile Include="..\..\..\Common\Graphics\Texture.cpp">
      <Filter>API\Graphics</Filter>
    </ClCompile>
    <ClCompile Include="..\..\..\Common\Resource\Resource.cpp">
      <Filter>API\Resource</Filter>
    </ClCompile>
    <ClCompile Include="..\..\..\Common\Resource\ResourceDatabase.cpp">
      <Filter>API\Resource</Filter>
    </ClCompile>
    <ClCompile Include="..\..\..\Common\Window\Window.cpp">
      <Filter>API\Window</Filter>
    </ClCompile>
    <ClCompile Include="..\..\..\Common\EntityComponent\Bounds.cpp">
      <Filter>API\Entity Component</Filter>
    </ClCompile>
    <ClCompile Include="..\..\..\Common\EntityComponent\Camera.cpp">
      <Filter>API\Entity Component</Filter>
    </ClCompile>
    <ClCompile Include="..\..\..\Common\EntityComponent\Component.cpp">
      <Filter>API\Entity Component</Filter>
    </ClCompile>
    <ClCompile Include="..\..\..\Common\EntityComponent\GameObject.cpp">
      <Filter>API\Entity Component</Filter>
    </ClCompile>
    <ClCompile Include="..\..\..\Common\EntityComponent\GameObjectTree.cpp">
      <Filter>API\Entity Component</Filter>
    </ClCompile>
    <ClCompile Include="..\..\..\Common\EntityComponent\Renderer.cpp">
      <Filter>API\Entity Component</Filter>
    </ClCompile>
    <ClCompile Include="..\..\..\Common\EntityComponent\Scene.cpp">
      <Filter>API\Entity Component</Filter>
    </ClCompile>
    <ClCompile Include="..\..\..\Common\EntityComponent\TestComponent.cpp">
      <Filter>API\Entity Component</Filter>
    </ClCompile>
    <ClCompile Include="..\..\..\Common\Utilities\Thread.cpp">
      <Filter>API\Utilities</Filter>
    </ClCompile>
    <ClCompile Include="..\..\..\Common\Window\Win32Message.cpp">
      <Filter>API\Window</Filter>
    </ClCompile>
    <ClCompile Include="..\..\..\Common\Application\BaseAppHandler.cpp">
      <Filter>API\Application</Filter>
    </ClCompile>
    <ClCompile Include="..\..\..\Common\EntityComponent\InstructionTokenID.cpp">
      <Filter>API\Entity Component</Filter>
    </ClCompile>
    <ClCompile Include="..\..\..\Common\EntityComponent\IComplexTerm.cpp">
      <Filter>API\Entity Component</Filter>
    </ClCompile>
    <ClCompile Include="..\..\..\Common\EntityComponent\InstructionTerm.cpp">
      <Filter>API\Entity Component</Filter>
    </ClCompile>
    <ClCompile Include="..\..\..\Common\EntityComponent\SceneGraph.cpp">
      <Filter>API\Entity Component</Filter>
    </ClCompile>
    <ClCompile Include="..\..\..\Common\EntityComponent\InitializationStep.cpp">
      <Filter>API\Entity Component</Filter>
    </ClCompile>
    <ClCompile Include="..\..\..\Common\Core\ErrorConstants.cpp">
      <Filter>API\Core</Filter>
    </ClCompile>
    <ClCompile Include="..\..\..\Common\Application\Input.cpp">
      <Filter>API\Application</Filter>
    </ClCompile>
    <ClCompile Include="..\..\..\Common\Application\InputState.cpp">
      <Filter>API\Application</Filter>
    </ClCompile>
    <ClCompile Include="..\..\..\Common\Application\InputAxis.cpp">
      <Filter>API\Application</Filter>
    </ClCompile>
    <ClCompile Include="..\..\..\Common\Application\InputDevice.cpp">
      <Filter>API\Application</Filter>
    </ClCompile>
    <ClCompile Include="..\..\..\Common\Application\InputDeviceType.cpp">
      <Filter>API\Application</Filter>
    </ClCompile>
    <ClCompile Include="..\..\..\Common\Application\InputButton.cpp">
      <Filter>API\Application</Filter>
    </ClCompile>
    <ClCompile Include="..\..\..\Common\EntityComponent\GameObjectMap.cpp">
      <Filter>API\Entity Component</Filter>
    </ClCompile>
    <ClCompile Include="..\..\..\Common\EntityComponent\SceneFile.cpp">
      <Filter>API\Entity Component</Filter>
    </ClCompile>
    <ClCompile Include="..\..\..\Common\Utilities\CFileExtensions.cpp">
      <Filter>API\Utilities</Filter>
    </ClCompile>
  </ItemGroup>
</Project>