<?xml version="1.0" encoding="utf-8"?>
<Project ToolsVersion="4.0" xmlns="http://schemas.microsoft.com/developer/msbuild/2003">
  <ItemGroup>
    <Filter Include="API">
      <UniqueIdentifier>{4FC737F1-C7A5-4376-A066-2A32D752A2FF}</UniqueIdentifier>
      <Extensions>cpp;c;cc;cxx;def;odl;idl;hpj;bat;asm;asmx</Extensions>
    </Filter>
    <Filter Include="API\Reflection">
      <UniqueIdentifier>{a441855c-c426-42c7-8f1b-f0edf0d49388}</UniqueIdentifier>
    </Filter>
    <Filter Include="API\Core">
      <UniqueIdentifier>{63efe659-7dd3-4612-88a7-3b6e8a6dc539}</UniqueIdentifier>
    </Filter>
    <Filter Include="API\Memory">
      <UniqueIdentifier>{583ca467-fc4a-4fe2-a67e-09a240091856}</UniqueIdentifier>
    </Filter>
    <Filter Include="API\Utilities">
      <UniqueIdentifier>{ac858af0-f401-4207-a15c-aed3a8926195}</UniqueIdentifier>
    </Filter>
  </ItemGroup>
  <ItemGroup>
    <ClInclude Include="..\..\..\Common\Core\Debug.h">
      <Filter>API\Core</Filter>
    </ClInclude>
    <ClInclude Include="..\..\..\Common\Core\Time.h">
      <Filter>API\Core</Filter>
    </ClInclude>
    <ClInclude Include="..\..\..\Common\Core\GemAPI.h">
      <Filter>API\Core</Filter>
    </ClInclude>
    <ClInclude Include="..\..\..\Common\Core\Error.h">
      <Filter>API\Core</Filter>
    </ClInclude>
    <ClInclude Include="..\..\..\Common\Core\Trace.h">
      <Filter>API\Core</Filter>
    </ClInclude>
    <ClInclude Include="..\..\..\Common\Core\ArgumentNull.h">
      <Filter>API\Core</Filter>
    </ClInclude>
    <ClInclude Include="..\..\..\Common\Core\InvalidArgument.h">
      <Filter>API\Core</Filter>
    </ClInclude>
    <ClInclude Include="..\..\..\Common\Engine.h">
      <Filter>API</Filter>
    </ClInclude>
    <ClInclude Include="..\..\..\Common\Reflection\Attribute.h">
      <Filter>API\Reflection</Filter>
    </ClInclude>
    <ClInclude Include="..\..\..\Common\Reflection\AttributeBinder.h">
      <Filter>API\Reflection</Filter>
    </ClInclude>
    <ClInclude Include="..\..\..\Common\Reflection\BoolAttribute.h">
      <Filter>API\Reflection</Filter>
    </ClInclude>
    <ClInclude Include="..\..\..\Common\Reflection\FloatAttribute.h">
      <Filter>API\Reflection</Filter>
    </ClInclude>
    <ClInclude Include="..\..\..\Common\Reflection\FunctionAttribute.h">
      <Filter>API\Reflection</Filter>
    </ClInclude>
    <ClInclude Include="..\..\..\Common\Reflection\IntAttribute.h">
      <Filter>API\Reflection</Filter>
    </ClInclude>
    <ClInclude Include="..\..\..\Common\Reflection\MemberAttribute.h">
      <Filter>API\Reflection</Filter>
    </ClInclude>
    <ClInclude Include="..\..\..\Common\Reflection\MemberInfo.h">
      <Filter>API\Reflection</Filter>
    </ClInclude>
    <ClInclude Include="..\..\..\Common\Reflection\MetaObject.h">
      <Filter>API\Reflection</Filter>
    </ClInclude>
    <ClInclude Include="..\..\..\Common\Reflection\MetaObjectLinker.h">
      <Filter>API\Reflection</Filter>
    </ClInclude>
    <ClInclude Include="..\..\..\Common\Reflection\MethodInfo.h">
      <Filter>API\Reflection</Filter>
    </ClInclude>
    <ClInclude Include="..\..\..\Common\Reflection\Reflection.h">
      <Filter>API\Reflection</Filter>
    </ClInclude>
    <ClInclude Include="..\..\..\Common\Reflection\Runtime.h">
      <Filter>API\Reflection</Filter>
    </ClInclude>
    <ClInclude Include="..\..\..\Common\Reflection\StringAttribute.h">
      <Filter>API\Reflection</Filter>
    </ClInclude>
    <ClInclude Include="..\..\..\Common\Reflection\TypeTrait.h">
      <Filter>API\Reflection</Filter>
    </ClInclude>
    <ClInclude Include="..\..\..\Common\Core\BasicTypes.h">
      <Filter>API\Core</Filter>
    </ClInclude>
    <ClInclude Include="..\..\..\Common\Core\Enum.h">
      <Filter>API\Core</Filter>
    </ClInclude>
    <ClInclude Include="..\..\..\Common\Core\Type.h">
      <Filter>API\Core</Filter>
    </ClInclude>
    <ClInclude Include="..\..\..\Common\Core\ValueTypes.h">
      <Filter>API\Core</Filter>
    </ClInclude>
    <ClInclude Include="..\..\..\Common\Utilities\Array.h">
      <Filter>API\Utilities</Filter>
    </ClInclude>
    <ClInclude Include="..\..\..\Common\Memory\AllocationInfo.h">
      <Filter>API\Memory</Filter>
    </ClInclude>
    <ClInclude Include="..\..\..\Common\Memory\Allocator.h">
      <Filter>API\Memory</Filter>
    </ClInclude>
    <ClInclude Include="..\..\..\Common\Memory\AllocatorType.h">
      <Filter>API\Memory</Filter>
    </ClInclude>
    <ClInclude Include="..\..\..\Common\Memory\FrameAllocator.h">
      <Filter>API\Memory</Filter>
    </ClInclude>
    <ClInclude Include="..\..\..\Common\Memory\Memory.h">
      <Filter>API\Memory</Filter>
    </ClInclude>
    <ClInclude Include="..\..\..\Common\Memory\MemoryConfig.h">
      <Filter>API\Memory</Filter>
    </ClInclude>
    <ClInclude Include="..\..\..\Common\Memory\MemoryFlags.h">
      <Filter>API\Memory</Filter>
    </ClInclude>
    <ClInclude Include="..\..\..\Common\Memory\MemoryHeader.h">
      <Filter>API\Memory</Filter>
    </ClInclude>
    <ClInclude Include="..\..\..\Common\Memory\MemoryInfo.h">
      <Filter>API\Memory</Filter>
    </ClInclude>
    <ClInclude Include="..\..\..\Common\Memory\MemoryManager.h">
      <Filter>API\Memory</Filter>
    </ClInclude>
    <ClInclude Include="..\..\..\Common\Memory\MemoryUtils.h">
      <Filter>API\Memory</Filter>
    </ClInclude>
    <ClInclude Include="..\..\..\Common\Memory\Pointer.h">
      <Filter>API\Memory</Filter>
    </ClInclude>
    <ClInclude Include="..\..\..\Common\Memory\PoolAllocator.h">
      <Filter>API\Memory</Filter>
    </ClInclude>
    <ClInclude Include="..\..\..\Common\Memory\StackAllocator.h">
      <Filter>API\Memory</Filter>
    </ClInclude>
    <ClInclude Include="..\..\..\Common\Core\Func.h">
      <Filter>API\Core</Filter>
    </ClInclude>
    <ClInclude Include="..\..\..\Common\Core\Method.h">
      <Filter>API\Core</Filter>
    </ClInclude>
  </ItemGroup>
  <ItemGroup>
    <ClCompile Include="..\..\..\Common\Core\Debug.cpp">
      <Filter>API\Core</Filter>
    </ClCompile>
    <ClCompile Include="..\..\..\Common\Core\Time.cpp">
      <Filter>API\Core</Filter>
    </ClCompile>
    <ClCompile Include="..\..\..\Common\Reflection\MemberInfo.cpp">
      <Filter>API\Reflection</Filter>
    </ClCompile>
    <ClCompile Include="..\..\..\Common\Reflection\MetaObjectLinker.cpp">
      <Filter>API\Reflection</Filter>
    </ClCompile>
    <ClCompile Include="..\..\..\Common\Reflection\Runtime.cpp">
      <Filter>API\Reflection</Filter>
    </ClCompile>
    <ClCompile Include="..\..\..\Common\Core\BasicTypes.cpp">
      <Filter>API\Core</Filter>
    </ClCompile>
    <ClCompile Include="..\..\..\Common\Core\Enum.cpp">
      <Filter>API\Core</Filter>
    </ClCompile>
    <ClCompile Include="..\..\..\Common\Core\Type.cpp">
      <Filter>API\Core</Filter>
    </ClCompile>
    <ClCompile Include="..\..\..\Common\Memory\Allocator.cpp">
      <Filter>API\Memory</Filter>
    </ClCompile>
    <ClCompile Include="..\..\..\Common\Memory\FrameAllocator.cpp">
      <Filter>API\Memory</Filter>
    </ClCompile>
    <ClCompile Include="..\..\..\Common\Memory\MemoryHeader.cpp">
      <Filter>API\Memory</Filter>
    </ClCompile>
    <ClCompile Include="..\..\..\Common\Memory\MemoryManager.cpp">
      <Filter>API\Memory</Filter>
    </ClCompile>
    <ClCompile Include="..\..\..\Common\Memory\PoolAllocator.cpp">
      <Filter>API\Memory</Filter>
    </ClCompile>
    <ClCompile Include="..\..\..\Common\Memory\StackAllocator.cpp">
      <Filter>API\Memory</Filter>
    </ClCompile>
  </ItemGroup>
</Project>