<?xml version="1.0" encoding="utf-8"?>
<Project ToolsVersion="4.0" xmlns="http://schemas.microsoft.com/developer/msbuild/2003">
  <ItemGroup>
    <Filter Include="Source Files">
      <UniqueIdentifier>{4FC737F1-C7A5-4376-A066-2A32D752A2FF}</UniqueIdentifier>
      <Extensions>cpp;c;cc;cxx;def;odl;idl;hpj;bat;asm;asmx</Extensions>
    </Filter>
    <Filter Include="Source Files\Gem">
      <UniqueIdentifier>{09fc60f2-1e86-47f4-8a97-3665ceb4e77f}</UniqueIdentifier>
    </Filter>
    <Filter Include="Source Files\Gem\Core">
      <UniqueIdentifier>{c94edfbc-6c24-4bde-aab9-a9591b256f45}</UniqueIdentifier>
    </Filter>
    <Filter Include="Source Files\Gem\Memory">
      <UniqueIdentifier>{076855ac-ccc1-4e34-8d62-cb8293e394d9}</UniqueIdentifier>
    </Filter>
    <Filter Include="Source Files\Gem\Reflection">
      <UniqueIdentifier>{b5d203de-3678-4058-aaee-676521f8460f}</UniqueIdentifier>
    </Filter>
  </ItemGroup>
  <ItemGroup>
    <ClCompile Include="main.cpp">
      <Filter>Source Files</Filter>
    </ClCompile>
  </ItemGroup>
  <ItemGroup>
    <ClInclude Include="..\..\Common\Core\ArgumentNull.h">
      <Filter>Source Files\Gem\Core</Filter>
    </ClInclude>
    <ClInclude Include="..\..\Common\Core\BasicTypes.h">
      <Filter>Source Files\Gem\Core</Filter>
    </ClInclude>
    <ClInclude Include="..\..\Common\Core\Debug.h">
      <Filter>Source Files\Gem\Core</Filter>
    </ClInclude>
    <ClInclude Include="..\..\Common\Core\Enum.h">
      <Filter>Source Files\Gem\Core</Filter>
    </ClInclude>
    <ClInclude Include="..\..\Common\Core\Error.h">
      <Filter>Source Files\Gem\Core</Filter>
    </ClInclude>
    <ClInclude Include="..\..\Common\Core\Func.h">
      <Filter>Source Files\Gem\Core</Filter>
    </ClInclude>
    <ClInclude Include="..\..\Common\Core\GemAPI.h">
      <Filter>Source Files\Gem\Core</Filter>
    </ClInclude>
    <ClInclude Include="..\..\Common\Core\InvalidArgument.h">
      <Filter>Source Files\Gem\Core</Filter>
    </ClInclude>
    <ClInclude Include="..\..\Common\Core\Method.h">
      <Filter>Source Files\Gem\Core</Filter>
    </ClInclude>
    <ClInclude Include="..\..\Common\Core\Time.h">
      <Filter>Source Files\Gem\Core</Filter>
    </ClInclude>
    <ClInclude Include="..\..\Common\Core\Trace.h">
      <Filter>Source Files\Gem\Core</Filter>
    </ClInclude>
    <ClInclude Include="..\..\Common\Core\Type.h">
      <Filter>Source Files\Gem\Core</Filter>
    </ClInclude>
    <ClInclude Include="..\..\Common\Core\ValueTypes.h">
      <Filter>Source Files\Gem\Core</Filter>
    </ClInclude>
    <ClInclude Include="..\..\Common\Memory\AllocationInfo.h">
      <Filter>Source Files\Gem\Memory</Filter>
    </ClInclude>
    <ClInclude Include="..\..\Common\Memory\Allocator.h">
      <Filter>Source Files\Gem\Memory</Filter>
    </ClInclude>
    <ClInclude Include="..\..\Common\Memory\AllocatorType.h">
      <Filter>Source Files\Gem\Memory</Filter>
    </ClInclude>
    <ClInclude Include="..\..\Common\Memory\FrameAllocator.h">
      <Filter>Source Files\Gem\Memory</Filter>
    </ClInclude>
    <ClInclude Include="..\..\Common\Memory\Memory.h">
      <Filter>Source Files\Gem\Memory</Filter>
    </ClInclude>
    <ClInclude Include="..\..\Common\Memory\MemoryConfig.h">
      <Filter>Source Files\Gem\Memory</Filter>
    </ClInclude>
    <ClInclude Include="..\..\Common\Memory\MemoryFlags.h">
      <Filter>Source Files\Gem\Memory</Filter>
    </ClInclude>
    <ClInclude Include="..\..\Common\Memory\MemoryHeader.h">
      <Filter>Source Files\Gem\Memory</Filter>
    </ClInclude>
    <ClInclude Include="..\..\Common\Memory\MemoryInfo.h">
      <Filter>Source Files\Gem\Memory</Filter>
    </ClInclude>
    <ClInclude Include="..\..\Common\Memory\MemoryManager.h">
      <Filter>Source Files\Gem\Memory</Filter>
    </ClInclude>
    <ClInclude Include="..\..\Common\Memory\MemoryUtils.h">
      <Filter>Source Files\Gem\Memory</Filter>
    </ClInclude>
    <ClInclude Include="..\..\Common\Memory\Pointer.h">
      <Filter>Source Files\Gem\Memory</Filter>
    </ClInclude>
    <ClInclude Include="..\..\Common\Memory\PoolAllocator.h">
      <Filter>Source Files\Gem\Memory</Filter>
    </ClInclude>
    <ClInclude Include="..\..\Common\Memory\StackAllocator.h">
      <Filter>Source Files\Gem\Memory</Filter>
    </ClInclude>
    <ClInclude Include="..\..\Common\Reflection\Attribute.h">
      <Filter>Source Files\Gem\Reflection</Filter>
    </ClInclude>
    <ClInclude Include="..\..\Common\Reflection\AttributeBinder.h">
      <Filter>Source Files\Gem\Reflection</Filter>
    </ClInclude>
    <ClInclude Include="..\..\Common\Reflection\BoolAttribute.h">
      <Filter>Source Files\Gem\Reflection</Filter>
    </ClInclude>
    <ClInclude Include="..\..\Common\Reflection\FloatAttribute.h">
      <Filter>Source Files\Gem\Reflection</Filter>
    </ClInclude>
    <ClInclude Include="..\..\Common\Reflection\FunctionAttribute.h">
      <Filter>Source Files\Gem\Reflection</Filter>
    </ClInclude>
    <ClInclude Include="..\..\Common\Reflection\IntAttribute.h">
      <Filter>Source Files\Gem\Reflection</Filter>
    </ClInclude>
    <ClInclude Include="..\..\Common\Reflection\MemberAttribute.h">
      <Filter>Source Files\Gem\Reflection</Filter>
    </ClInclude>
    <ClInclude Include="..\..\Common\Reflection\MemberInfo.h">
      <Filter>Source Files\Gem\Reflection</Filter>
    </ClInclude>
    <ClInclude Include="..\..\Common\Reflection\MetaObject.h">
      <Filter>Source Files\Gem\Reflection</Filter>
    </ClInclude>
    <ClInclude Include="..\..\Common\Reflection\MetaObjectLinker.h">
      <Filter>Source Files\Gem\Reflection</Filter>
    </ClInclude>
    <ClInclude Include="..\..\Common\Reflection\MethodInfo.h">
      <Filter>Source Files\Gem\Reflection</Filter>
    </ClInclude>
    <ClInclude Include="..\..\Common\Reflection\Reflection.h">
      <Filter>Source Files\Gem\Reflection</Filter>
    </ClInclude>
    <ClInclude Include="..\..\Common\Reflection\Runtime.h">
      <Filter>Source Files\Gem\Reflection</Filter>
    </ClInclude>
    <ClInclude Include="..\..\Common\Reflection\StringAttribute.h">
      <Filter>Source Files\Gem\Reflection</Filter>
    </ClInclude>
    <ClInclude Include="..\..\Common\Reflection\TypeTrait.h">
      <Filter>Source Files\Gem\Reflection</Filter>
    </ClInclude>
    <ClInclude Include="..\..\Common\Memory\Instantiator.h">
      <Filter>Source Files\Gem\Memory</Filter>
    </ClInclude>
    <ClInclude Include="..\..\Common\Engine.h">
      <Filter>Source Files\Gem</Filter>
    </ClInclude>
  </ItemGroup>
</Project>