<?xml version="1.0" encoding="utf-8"?>
<Project ToolsVersion="4.0" xmlns="http://schemas.microsoft.com/developer/msbuild/2003">
  <ItemGroup>
    <Filter Include="Source Files">
      <UniqueIdentifier>{4FC737F1-C7A5-4376-A066-2A32D752A2FF}</UniqueIdentifier>
      <Extensions>cpp;c;cc;cxx;def;odl;idl;hpj;bat;asm;asmx</Extensions>
    </Filter>
    <Filter Include="Source Files\Gem">
      <UniqueIdentifier>{09fc60f2-1e86-47f4-8a97-3665ceb4e77f}</UniqueIdentifier>
    </Filter>
    <Filter Include="Source Files\Gameplay">
      <UniqueIdentifier>{f5b57beb-e170-43b2-b37f-8faaf666a402}</UniqueIdentifier>
    </Filter>
    <Filter Include="Source Files\Application">
      <UniqueIdentifier>{bd89d0e0-efa8-4f18-8350-5464ae56821c}</UniqueIdentifier>
    </Filter>
  </ItemGroup>
  <ItemGroup>
    <ClCompile Include="main.cpp">
      <Filter>Source Files</Filter>
    </ClCompile>
    <ClCompile Include="..\..\Common\Application %28New%29\BaseWindow.cpp">
      <Filter>Source Files\Application</Filter>
    </ClCompile>
    <ClCompile Include="..\..\Common\Application (New)\Application.cpp">
      <Filter>Source Files\Application</Filter>
    </ClCompile>
    <ClCompile Include="..\..\Common\Application (New)\Input.cpp">
      <Filter>Source Files\Application</Filter>
    </ClCompile>
    <ClCompile Include="..\..\Common\Application (New)\InputAxis.cpp">
      <Filter>Source Files\Application</Filter>
    </ClCompile>
    <ClCompile Include="..\..\Common\Application (New)\InputButton.cpp">
      <Filter>Source Files\Application</Filter>
    </ClCompile>
    <ClCompile Include="..\..\Common\Application (New)\InputDevice.cpp">
      <Filter>Source Files\Application</Filter>
    </ClCompile>
    <ClCompile Include="..\..\Common\Application (New)\InputDeviceType.cpp">
      <Filter>Source Files\Application</Filter>
    </ClCompile>
    <ClCompile Include="..\..\Common\Application (New)\InputState.cpp">
      <Filter>Source Files\Application</Filter>
    </ClCompile>
  </ItemGroup>
  <ItemGroup>
    <ClInclude Include="..\..\Common\Engine.h">
      <Filter>Source Files\Gem</Filter>
    </ClInclude>
    <ClInclude Include="..\..\Common\Application (New)\Application.h">
      <Filter>Source Files\Application</Filter>
    </ClInclude>
    <ClInclude Include="..\..\Common\Application %28New%29\BaseWindow.h">
      <Filter>Source Files\Application</Filter>
    </ClInclude>
    <ClInclude Include="..\..\Common\Application (New)\Input.h">
      <Filter>Source Files\Application</Filter>
    </ClInclude>
    <ClInclude Include="..\..\Common\Application (New)\InputAxis.h">
      <Filter>Source Files\Application</Filter>
    </ClInclude>
    <ClInclude Include="..\..\Common\Application (New)\InputButton.h">
      <Filter>Source Files\Application</Filter>
    </ClInclude>
    <ClInclude Include="..\..\Common\Application (New)\InputDevice.h">
      <Filter>Source Files\Application</Filter>
    </ClInclude>
    <ClInclude Include="..\..\Common\Application (New)\InputDeviceType.h">
      <Filter>Source Files\Application</Filter>
    </ClInclude>
    <ClInclude Include="..\..\Common\Application (New)\InputState.h">
      <Filter>Source Files\Application</Filter>
    </ClInclude>
    <ClInclude Include="..\..\Common\Application (New)\KeyCode.h">
      <Filter>Source Files\Application</Filter>
    </ClInclude>
    <ClInclude Include="..\..\Common\Application (New)\MouseButton.h">
      <Filter>Source Files\Application</Filter>
    </ClInclude>
  </ItemGroup>
</Project>