<?xml version="1.0" encoding="utf-8"?>
<Project ToolsVersion="4.0" xmlns="http://schemas.microsoft.com/developer/msbuild/2003">
  <ItemGroup>
    <Filter Include="Source Files">
      <UniqueIdentifier>{4FC737F1-C7A5-4376-A066-2A32D752A2FF}</UniqueIdentifier>
      <Extensions>cpp;c;cc;cxx;def;odl;idl;hpj;bat;asm;asmx</Extensions>
    </Filter>
    <Filter Include="Libraries">
      <UniqueIdentifier>{83de7bb7-0758-41c9-af94-8589d0530add}</UniqueIdentifier>
    </Filter>
    <Filter Include="Libraries\pugixml">
      <UniqueIdentifier>{12738b6c-431f-460c-9341-2b6ef76c8389}</UniqueIdentifier>
    </Filter>
    <Filter Include="Libraries\json">
      <UniqueIdentifier>{49d09566-2e16-4074-b6c2-fd7f304747f1}</UniqueIdentifier>
    </Filter>
    <Filter Include="Libraries\stbimage">
      <UniqueIdentifier>{89feeb7d-e1f2-4f62-8044-cb8bb421c629}</UniqueIdentifier>
    </Filter>
    <Filter Include="Core">
      <UniqueIdentifier>{62a66a37-1e14-4686-b9a4-6186cf4abb29}</UniqueIdentifier>
    </Filter>
    <Filter Include="Core\Memory">
      <UniqueIdentifier>{7a2a084f-c87f-4bfd-84ca-b5646dea1164}</UniqueIdentifier>
    </Filter>
    <Filter Include="Core\Base Objects">
      <UniqueIdentifier>{800d133a-85e8-44d2-aaae-b476ca221589}</UniqueIdentifier>
    </Filter>
    <Filter Include="Core\Utilities">
      <UniqueIdentifier>{1cb76d97-9e81-4e4a-9388-65c3cfb5558c}</UniqueIdentifier>
    </Filter>
    <Filter Include="Core\Reflection">
      <UniqueIdentifier>{c4ac94ad-99b9-4a65-88d7-a06ba8786cfd}</UniqueIdentifier>
    </Filter>
    <Filter Include="Core\Window">
      <UniqueIdentifier>{bf7d2809-0fb5-40b1-9849-dac6cf1d7c5f}</UniqueIdentifier>
    </Filter>
    <Filter Include="Core\Input">
      <UniqueIdentifier>{397de7cc-f17e-46ab-a3cd-cb39d0425f7a}</UniqueIdentifier>
    </Filter>
    <Filter Include="Core\Math">
      <UniqueIdentifier>{5a1f5557-f58a-40f7-b43d-ed790dec3c17}</UniqueIdentifier>
    </Filter>
    <Filter Include="Core\Entity Component">
      <UniqueIdentifier>{25e5bf8d-f952-403a-b535-8bd496b38b09}</UniqueIdentifier>
    </Filter>
    <Filter Include="Core\Entity Component\Engine Components">
      <UniqueIdentifier>{403b7bb0-6be7-4f05-bcf8-695187a5067b}</UniqueIdentifier>
    </Filter>
    <Filter Include="Core\Utilities\FileIO">
      <UniqueIdentifier>{b7b1282b-e75f-418d-b3ae-e524875b5335}</UniqueIdentifier>
    </Filter>
  </ItemGroup>
  <ItemGroup>
    <ClCompile Include="..\..\Common\Main\main.cpp">
      <Filter>Source Files</Filter>
    </ClCompile>
    <ClCompile Include="..\..\Common\Libraries\pugixml-1.4\src\pugixml.cpp">
      <Filter>Libraries\pugixml</Filter>
    </ClCompile>
    <ClCompile Include="..\..\Common\Libraries\jsoncpp-src-0.5.0\src\json_reader.cpp">
      <Filter>Libraries\json</Filter>
    </ClCompile>
    <ClCompile Include="..\..\Common\Libraries\jsoncpp-src-0.5.0\src\json_value.cpp">
      <Filter>Libraries\json</Filter>
    </ClCompile>
    <ClCompile Include="..\..\Common\Libraries\jsoncpp-src-0.5.0\src\json_writer.cpp">
      <Filter>Libraries\json</Filter>
    </ClCompile>
    <ClCompile Include="..\..\Common\Libraries\stbimage\stb_vorbis.c">
      <Filter>Libraries\stbimage</Filter>
    </ClCompile>
    <ClCompile Include="..\..\Common\Core\Memory\Allocator.cpp">
      <Filter>Core\Memory</Filter>
    </ClCompile>
    <ClCompile Include="..\..\Common\Core\Memory\LinearAllocator.cpp">
      <Filter>Core\Memory</Filter>
    </ClCompile>
    <ClCompile Include="..\..\Common\Core\Memory\PoolAllocator.cpp">
      <Filter>Core\Memory</Filter>
    </ClCompile>
    <ClCompile Include="..\..\Common\Core\Memory\G_Memory.cpp">
      <Filter>Core\Memory</Filter>
    </ClCompile>
    <ClCompile Include="..\..\Common\Core\Utilities\G_Utilities.cpp">
      <Filter>Core\Utilities</Filter>
    </ClCompile>
    <ClCompile Include="..\..\Common\Core\Base Objects\G_Object.cpp">
      <Filter>Core\Base Objects</Filter>
    </ClCompile>
    <ClCompile Include="..\..\Common\Core\Reflection\G_Class.cpp">
      <Filter>Core\Reflection</Filter>
    </ClCompile>
    <ClCompile Include="..\..\Common\Core\Reflection\G_Interface.cpp">
      <Filter>Core\Reflection</Filter>
    </ClCompile>
    <ClCompile Include="..\..\Common\Core\Reflection\G_TypeFactory.cpp">
      <Filter>Core\Reflection</Filter>
    </ClCompile>
    <ClCompile Include="..\..\Common\Core\Window\G_Window.cpp">
      <Filter>Core\Window</Filter>
    </ClCompile>
    <ClCompile Include="..\..\Common\Core\Window\G_WindowManager.cpp">
      <Filter>Core\Window</Filter>
    </ClCompile>
    <ClCompile Include="..\..\Common\Core\Window\G_WindowHook.cpp">
      <Filter>Core\Window</Filter>
    </ClCompile>
    <ClCompile Include="..\..\Common\Core\Utilities\G_UniqueNumberGenerator.cpp">
      <Filter>Core\Utilities</Filter>
    </ClCompile>
    <ClCompile Include="..\..\Common\Core\G_Application.cpp">
      <Filter>Core</Filter>
    </ClCompile>
    <ClCompile Include="..\..\Common\Core\Utilities\G_Time.cpp">
      <Filter>Core\Utilities</Filter>
    </ClCompile>
    <ClCompile Include="..\..\Common\Core\Input\G_Input.cpp">
      <Filter>Core\Input</Filter>
    </ClCompile>
    <ClCompile Include="..\..\Common\Core\Input\G_Key.cpp">
      <Filter>Core\Input</Filter>
    </ClCompile>
    <ClCompile Include="..\..\Common\Core\Math\G_Vector.cpp">
      <Filter>Core\Math</Filter>
    </ClCompile>
    <ClCompile Include="..\..\Common\Core\Input\G_InputAxis.cpp">
      <Filter>Core\Input</Filter>
    </ClCompile>
    <ClCompile Include="..\..\Common\Core\Entity Component\G_GameObject.cpp">
      <Filter>Core\Entity Component</Filter>
    </ClCompile>
    <ClCompile Include="..\..\Common\Core\Entity Component\G_Component.cpp">
      <Filter>Core\Entity Component</Filter>
    </ClCompile>
    <ClCompile Include="..\..\Common\Core\Entity Component\G_GameObjectManager.cpp">
      <Filter>Core\Entity Component</Filter>
    </ClCompile>
    <ClCompile Include="..\..\Common\Core\Math\G_Matrix.cpp">
      <Filter>Core\Math</Filter>
    </ClCompile>
    <ClCompile Include="..\..\Common\Core\Entity Component\Engine Components\G_Transform.cpp">
      <Filter>Core\Entity Component\Engine Components</Filter>
    </ClCompile>
    <ClCompile Include="..\..\Common\Core\Math\G_Quaterion.cpp">
      <Filter>Core\Math</Filter>
    </ClCompile>
    <ClCompile Include="..\..\Common\Core\Reflection\G_Type.cpp">
      <Filter>Core\Reflection</Filter>
    </ClCompile>
    <ClCompile Include="..\..\Common\Core\Reflection\G_SerializedField.cpp">
      <Filter>Core\Reflection</Filter>
    </ClCompile>
    <ClCompile Include="..\..\Common\Core\Entity Component\Engine Components\G_DebugComponent.cpp">
      <Filter>Core\Entity Component\Engine Components</Filter>
    </ClCompile>
    <ClCompile Include="..\..\Common\Core\Utilities\G_IO.cpp">
      <Filter>Core\Utilities</Filter>
    </ClCompile>
    <ClCompile Include="..\..\Common\Core\Window\G_Scene.cpp">
      <Filter>Core\Window</Filter>
    </ClCompile>
    <ClCompile Include="..\..\Common\Core\Window\G_SceneManager.cpp">
      <Filter>Core\Window</Filter>
    </ClCompile>
    <ClCompile Include="..\..\Common\Core\Utilities\FileIO\G_StreamDoc.cpp">
      <Filter>Core\Utilities\FileIO</Filter>
    </ClCompile>
    <ClCompile Include="..\..\Common\Core\Utilities\FileIO\G_StreamProperty.cpp">
      <Filter>Core\Utilities\FileIO</Filter>
    </ClCompile>
    <ClCompile Include="..\..\Common\Core\Utilities\FileIO\G_StreamObject.cpp">
      <Filter>Core\Utilities\FileIO</Filter>
    </ClCompile>
    <ClCompile Include="..\..\Common\Core\Utilities\FileIO\G_StreamFile.cpp">
      <Filter>Core\Utilities\FileIO</Filter>
    </ClCompile>
    <ClCompile Include="..\..\Common\Core\Base Objects\G_integer.cpp">
      <Filter>Core\Base Objects</Filter>
    </ClCompile>
    <ClCompile Include="..\..\Common\Core\Base Objects\G_real.cpp">
      <Filter>Core\Base Objects</Filter>
    </ClCompile>
    <ClCompile Include="..\..\Common\Core\Base Objects\G_string.cpp">
      <Filter>Core\Base Objects</Filter>
    </ClCompile>
    <ClCompile Include="..\..\Common\Core\Memory\G_ISTMListener.cpp">
      <Filter>Core\Memory</Filter>
    </ClCompile>
    <ClCompile Include="..\..\Common\Core\Memory\G_Pointer.cpp">
      <Filter>Core\Memory</Filter>
    </ClCompile>
    <ClCompile Include="..\..\Common\Core\Base Objects\G_boolean.cpp">
      <Filter>Core\Base Objects</Filter>
    </ClCompile>
    <ClCompile Include="..\..\Common\Core\Utilities\G_Debug.cpp">
      <Filter>Core\Utilities</Filter>
    </ClCompile>
    <ClCompile Include="fruit.cpp">
      <Filter>Source Files</Filter>
    </ClCompile>
  </ItemGroup>
  <ItemGroup>
    <ClInclude Include="..\..\Common\Libraries\pugixml-1.4\src\pugiconfig.hpp">
      <Filter>Libraries\pugixml</Filter>
    </ClInclude>
    <ClInclude Include="..\..\Common\Libraries\pugixml-1.4\src\pugixml.hpp">
      <Filter>Libraries\pugixml</Filter>
    </ClInclude>
    <ClInclude Include="..\..\Common\Libraries\jsoncpp-src-0.5.0\src\json_batchallocator.h">
      <Filter>Libraries\json</Filter>
    </ClInclude>
    <ClInclude Include="..\..\Common\Libraries\jsoncpp-src-0.5.0\include\json\autolink.h">
      <Filter>Libraries\json</Filter>
    </ClInclude>
    <ClInclude Include="..\..\Common\Libraries\jsoncpp-src-0.5.0\include\json\config.h">
      <Filter>Libraries\json</Filter>
    </ClInclude>
    <ClInclude Include="..\..\Common\Libraries\jsoncpp-src-0.5.0\include\json\features.h">
      <Filter>Libraries\json</Filter>
    </ClInclude>
    <ClInclude Include="..\..\Common\Libraries\jsoncpp-src-0.5.0\include\json\forwards.h">
      <Filter>Libraries\json</Filter>
    </ClInclude>
    <ClInclude Include="..\..\Common\Libraries\jsoncpp-src-0.5.0\include\json\json.h">
      <Filter>Libraries\json</Filter>
    </ClInclude>
    <ClInclude Include="..\..\Common\Libraries\jsoncpp-src-0.5.0\include\json\reader.h">
      <Filter>Libraries\json</Filter>
    </ClInclude>
    <ClInclude Include="..\..\Common\Libraries\jsoncpp-src-0.5.0\include\json\value.h">
      <Filter>Libraries\json</Filter>
    </ClInclude>
    <ClInclude Include="..\..\Common\Libraries\jsoncpp-src-0.5.0\include\json\writer.h">
      <Filter>Libraries\json</Filter>
    </ClInclude>
    <ClInclude Include="..\..\Common\Libraries\stbimage\stb.h">
      <Filter>Libraries\stbimage</Filter>
    </ClInclude>
    <ClInclude Include="..\..\Common\Libraries\stbimage\stb_c_lexer.h">
      <Filter>Libraries\stbimage</Filter>
    </ClInclude>
    <ClInclude Include="..\..\Common\Libraries\stbimage\stb_divide.h">
      <Filter>Libraries\stbimage</Filter>
    </ClInclude>
    <ClInclude Include="..\..\Common\Libraries\stbimage\stb_dxt.h">
      <Filter>Libraries\stbimage</Filter>
    </ClInclude>
    <ClInclude Include="..\..\Common\Libraries\stbimage\stb_herringbone_wang_tile.h">
      <Filter>Libraries\stbimage</Filter>
    </ClInclude>
    <ClInclude Include="..\..\Common\Libraries\stbimage\stb_image.h">
      <Filter>Libraries\stbimage</Filter>
    </ClInclude>
    <ClInclude Include="..\..\Common\Libraries\stbimage\stb_image_write.h">
      <Filter>Libraries\stbimage</Filter>
    </ClInclude>
    <ClInclude Include="..\..\Common\Libraries\stbimage\stb_perlin.h">
      <Filter>Libraries\stbimage</Filter>
    </ClInclude>
    <ClInclude Include="..\..\Common\Libraries\stbimage\stb_textedit.h">
      <Filter>Libraries\stbimage</Filter>
    </ClInclude>
    <ClInclude Include="..\..\Common\Libraries\stbimage\stb_truetype.h">
      <Filter>Libraries\stbimage</Filter>
    </ClInclude>
    <ClInclude Include="..\..\Common\Libraries\stbimage\stretchy_buffer.h">
      <Filter>Libraries\stbimage</Filter>
    </ClInclude>
    <ClInclude Include="..\..\Common\Core\Memory\Allocator.h">
      <Filter>Core\Memory</Filter>
    </ClInclude>
    <ClInclude Include="..\..\Common\Core\Memory\LinearAllocator.h">
      <Filter>Core\Memory</Filter>
    </ClInclude>
    <ClInclude Include="..\..\Common\Core\Memory\PoolAllocator.h">
      <Filter>Core\Memory</Filter>
    </ClInclude>
    <ClInclude Include="..\..\Common\Core\Memory\G_Memory.h">
      <Filter>Core\Memory</Filter>
    </ClInclude>
    <ClInclude Include="..\..\Common\Core\Utilities\G_Utilities.h">
      <Filter>Core\Utilities</Filter>
    </ClInclude>
    <ClInclude Include="..\..\Common\Core\Base Objects\G_Object.h">
      <Filter>Core\Base Objects</Filter>
    </ClInclude>
    <ClInclude Include="..\..\Common\Core\Reflection\G_Class.h">
      <Filter>Core\Reflection</Filter>
    </ClInclude>
    <ClInclude Include="..\..\Common\Core\Reflection\G_Enum.h">
      <Filter>Core\Reflection</Filter>
    </ClInclude>
    <ClInclude Include="..\..\Common\Core\Reflection\G_Interface.h">
      <Filter>Core\Reflection</Filter>
    </ClInclude>
    <ClInclude Include="..\..\Common\Core\Reflection\G_Operators.h">
      <Filter>Core\Reflection</Filter>
    </ClInclude>
    <ClInclude Include="..\..\Common\Core\Reflection\G_Primitive.h">
      <Filter>Core\Reflection</Filter>
    </ClInclude>
    <ClInclude Include="..\..\Common\Core\Reflection\G_Reflection.h">
      <Filter>Core\Reflection</Filter>
    </ClInclude>
    <ClInclude Include="..\..\Common\Core\Reflection\G_Type.h">
      <Filter>Core\Reflection</Filter>
    </ClInclude>
    <ClInclude Include="..\..\Common\Core\Reflection\G_TypeFactory.h">
      <Filter>Core\Reflection</Filter>
    </ClInclude>
    <ClInclude Include="..\..\Common\Core\Reflection\G_Types.h">
      <Filter>Core\Reflection</Filter>
    </ClInclude>
    <ClInclude Include="..\..\Common\Core\Window\G_Window.h">
      <Filter>Core\Window</Filter>
    </ClInclude>
    <ClInclude Include="..\..\Common\Core\Window\G_WindowManager.h">
      <Filter>Core\Window</Filter>
    </ClInclude>
    <ClInclude Include="..\..\Common\Core\Window\G_WindowHook.h">
      <Filter>Core\Window</Filter>
    </ClInclude>
    <ClInclude Include="..\..\Common\Core\Utilities\G_UniqueNumberGenerator.h">
      <Filter>Core\Utilities</Filter>
    </ClInclude>
    <ClInclude Include="..\..\Common\Core\Utilities\G_Array.h">
      <Filter>Core\Utilities</Filter>
    </ClInclude>
    <ClInclude Include="..\..\Common\Core\G_Application.h">
      <Filter>Core</Filter>
    </ClInclude>
    <ClInclude Include="..\..\Common\Core\Utilities\G_Time.h">
      <Filter>Core\Utilities</Filter>
    </ClInclude>
    <ClInclude Include="..\..\Common\Core\Input\G_KeyDef.h">
      <Filter>Core\Input</Filter>
    </ClInclude>
    <ClInclude Include="..\..\Common\Core\Input\G_Input.h">
      <Filter>Core\Input</Filter>
    </ClInclude>
    <ClInclude Include="..\..\Common\Core\Input\G_Key.h">
      <Filter>Core\Input</Filter>
    </ClInclude>
    <ClInclude Include="..\..\Common\Core\Math\G_Math.h">
      <Filter>Core\Math</Filter>
    </ClInclude>
    <ClInclude Include="..\..\Common\Core\Math\G_Vector.h">
      <Filter>Core\Math</Filter>
    </ClInclude>
    <ClInclude Include="..\..\Common\Core\Input\G_InputAxis.h">
      <Filter>Core\Input</Filter>
    </ClInclude>
    <ClInclude Include="..\..\Common\Core\Entity Component\G_GameObject.h">
      <Filter>Core\Entity Component</Filter>
    </ClInclude>
    <ClInclude Include="..\..\Common\Core\Entity Component\G_Component.h">
      <Filter>Core\Entity Component</Filter>
    </ClInclude>
    <ClInclude Include="..\..\Common\Core\Entity Component\G_GameObjectManager.h">
      <Filter>Core\Entity Component</Filter>
    </ClInclude>
    <ClInclude Include="..\..\Common\Core\Math\G_Matrix.h">
      <Filter>Core\Math</Filter>
    </ClInclude>
    <ClInclude Include="..\..\Common\Core\Math\G_Quaterion.h">
      <Filter>Core\Math</Filter>
    </ClInclude>
    <ClInclude Include="..\..\Common\Core\Entity Component\Engine Components\G_Transform.h">
      <Filter>Core\Entity Component\Engine Components</Filter>
    </ClInclude>
    <ClInclude Include="..\..\Common\Core\Reflection\G_Field.h">
      <Filter>Core\Reflection</Filter>
    </ClInclude>
    <ClInclude Include="..\..\Common\Core\Utilities\G_IXmlSerializable.h">
      <Filter>Core\Utilities</Filter>
    </ClInclude>
    <ClInclude Include="..\..\Common\Core\Reflection\G_SerializedField.h">
      <Filter>Core\Reflection</Filter>
    </ClInclude>
    <ClInclude Include="..\..\Common\Core\Entity Component\Engine Components\G_EngineComponents.h">
      <Filter>Core\Entity Component\Engine Components</Filter>
    </ClInclude>
    <ClInclude Include="..\..\Common\Core\Entity Component\Engine Components\G_DebugComponent.h">
      <Filter>Core\Entity Component\Engine Components</Filter>
    </ClInclude>
    <ClInclude Include="..\..\Common\Core\Utilities\G_IO.h">
      <Filter>Core\Utilities</Filter>
    </ClInclude>
    <ClInclude Include="..\..\Common\Core\Window\G_SceneManager.h">
      <Filter>Core\Window</Filter>
    </ClInclude>
    <ClInclude Include="..\..\Common\Core\Window\G_Scene.h">
      <Filter>Core\Window</Filter>
    </ClInclude>
    <ClInclude Include="..\..\Common\Core\Utilities\FileIO\G_StreamDoc.h">
      <Filter>Core\Utilities\FileIO</Filter>
    </ClInclude>
    <ClInclude Include="..\..\Common\Core\Utilities\FileIO\G_StreamProperty.h">
      <Filter>Core\Utilities\FileIO</Filter>
    </ClInclude>
    <ClInclude Include="..\..\Common\Core\Utilities\FileIO\G_StreamObject.h">
      <Filter>Core\Utilities\FileIO</Filter>
    </ClInclude>
    <ClInclude Include="..\..\Common\Core\Utilities\FileIO\G_StreamFile.h">
      <Filter>Core\Utilities\FileIO</Filter>
    </ClInclude>
    <ClInclude Include="..\..\Common\Core\Base Objects\G_integer.h">
      <Filter>Core\Base Objects</Filter>
    </ClInclude>
    <ClInclude Include="..\..\Common\Core\Base Objects\G_real.h">
      <Filter>Core\Base Objects</Filter>
    </ClInclude>
    <ClInclude Include="..\..\Common\Core\Base Objects\G_string.h">
      <Filter>Core\Base Objects</Filter>
    </ClInclude>
    <ClInclude Include="..\..\Common\Core\Base Objects\G_BaseObjects.h">
      <Filter>Core\Base Objects</Filter>
    </ClInclude>
    <ClInclude Include="..\..\Common\Core\Memory\G_ISTMListener.h">
      <Filter>Core\Memory</Filter>
    </ClInclude>
    <ClInclude Include="..\..\Common\Core\Memory\G_Pointer.h">
      <Filter>Core\Memory</Filter>
    </ClInclude>
    <ClInclude Include="..\..\Common\Core\Base Objects\G_boolean.h">
      <Filter>Core\Base Objects</Filter>
    </ClInclude>
    <ClInclude Include="..\..\Common\Core\Utilities\G_Debug.h">
      <Filter>Core\Utilities</Filter>
    </ClInclude>
    <ClInclude Include="fruit.h">
      <Filter>Source Files</Filter>
    </ClInclude>
    <ClInclude Include="detail.h">
      <Filter>Source Files</Filter>
    </ClInclude>
  </ItemGroup>
  <ItemGroup>
    <None Include="..\..\Common\Libraries\jsoncpp-src-0.5.0\src\json_internalarray.inl">
      <Filter>Libraries\json</Filter>
    </None>
    <None Include="..\..\Common\Libraries\jsoncpp-src-0.5.0\src\json_internalmap.inl">
      <Filter>Libraries\json</Filter>
    </None>
    <None Include="..\..\Common\Libraries\jsoncpp-src-0.5.0\src\json_valueiterator.inl">
      <Filter>Libraries\json</Filter>
    </None>
  </ItemGroup>
</Project>